
Microsoft Visual Studio Solution File, Format Version 12.00
# Visual Studio Version 16
VisualStudioVersion = 16.0.30717.126
MinimumVisualStudioVersion = 10.0.40219.1
Project("{8BC9CEB8-8B4A-11D0-8D11-00A0C91BC942}") = "Day1RearrangePrank", "Day1RearrangePrank\Day1RearrangePrank.vcxproj", "{2D4AB446-FBB2-455B-80CA-FD31FB12CF25}"
EndProject
Project("{8BC9CEB8-8B4A-11D0-8D11-00A0C91BC942}") = "Day2NthNaturalNumber", "Day2NthNaturalNumber\Day2NthNaturalNumber.vcxproj", "{BEB58D63-2DE2-43CE-AE73-79D77D8FD57B}"
EndProject
Project("{8BC9CEB8-8B4A-11D0-8D11-00A0C91BC942}") = "Day3SmallestPositiveInteger", "Day3SmallestPositiveInteger\Day3SmallestPositiveInteger.vcxproj", "{C6010C28-A134-4246-97A1-96987D1D4712}"
EndProject
Project("{8BC9CEB8-8B4A-11D0-8D11-00A0C91BC942}") = "Day4MInimumPickForKPairs", "Day4MInimumPickForKPairs\Day4MInimumPickForKPairs.vcxproj", "{2956C1DC-E662-4C2E-AA33-D42BC646BA55}"
EndProject
Project("{8BC9CEB8-8B4A-11D0-8D11-00A0C91BC942}") = "Day5SpiralMatrix", "Day5SpiralMatrix\Day5SpiralMatrix.vcxproj", "{E0B3BAFD-8EDC-4372-B0E1-02332E5F4D87}"
EndProject
Global
	GlobalSection(SolutionConfigurationPlatforms) = preSolution
		Debug|x64 = Debug|x64
		Debug|x86 = Debug|x86
		Release|x64 = Release|x64
		Release|x86 = Release|x86
	EndGlobalSection
	GlobalSection(ProjectConfigurationPlatforms) = postSolution
		{2D4AB446-FBB2-455B-80CA-FD31FB12CF25}.Debug|x64.ActiveCfg = Debug|x64
		{2D4AB446-FBB2-455B-80CA-FD31FB12CF25}.Debug|x64.Build.0 = Debug|x64
		{2D4AB446-FBB2-455B-80CA-FD31FB12CF25}.Debug|x86.ActiveCfg = Debug|Win32
		{2D4AB446-FBB2-455B-80CA-FD31FB12CF25}.Debug|x86.Build.0 = Debug|Win32
		{2D4AB446-FBB2-455B-80CA-FD31FB12CF25}.Release|x64.ActiveCfg = Release|x64
		{2D4AB446-FBB2-455B-80CA-FD31FB12CF25}.Release|x64.Build.0 = Release|x64
		{2D4AB446-FBB2-455B-80CA-FD31FB12CF25}.Release|x86.ActiveCfg = Release|Win32
		{2D4AB446-FBB2-455B-80CA-FD31FB12CF25}.Release|x86.Build.0 = Release|Win32
		{BEB58D63-2DE2-43CE-AE73-79D77D8FD57B}.Debug|x64.ActiveCfg = Debug|x64
		{BEB58D63-2DE2-43CE-AE73-79D77D8FD57B}.Debug|x64.Build.0 = Debug|x64
		{BEB58D63-2DE2-43CE-AE73-79D77D8FD57B}.Debug|x86.ActiveCfg = Debug|Win32
		{BEB58D63-2DE2-43CE-AE73-79D77D8FD57B}.Debug|x86.Build.0 = Debug|Win32
		{BEB58D63-2DE2-43CE-AE73-79D77D8FD57B}.Release|x64.ActiveCfg = Release|x64
		{BEB58D63-2DE2-43CE-AE73-79D77D8FD57B}.Release|x64.Build.0 = Release|x64
		{BEB58D63-2DE2-43CE-AE73-79D77D8FD57B}.Release|x86.ActiveCfg = Release|Win32
		{BEB58D63-2DE2-43CE-AE73-79D77D8FD57B}.Release|x86.Build.0 = Release|Win32
		{C6010C28-A134-4246-97A1-96987D1D4712}.Debug|x64.ActiveCfg = Debug|x64
		{C6010C28-A134-4246-97A1-96987D1D4712}.Debug|x64.Build.0 = Debug|x64
		{C6010C28-A134-4246-97A1-96987D1D4712}.Debug|x86.ActiveCfg = Debug|Win32
		{C6010C28-A134-4246-97A1-96987D1D4712}.Debug|x86.Build.0 = Debug|Win32
		{C6010C28-A134-4246-97A1-96987D1D4712}.Release|x64.ActiveCfg = Release|x64
		{C6010C28-A134-4246-97A1-96987D1D4712}.Release|x64.Build.0 = Release|x64
		{C6010C28-A134-4246-97A1-96987D1D4712}.Release|x86.ActiveCfg = Release|Win32
		{C6010C28-A134-4246-97A1-96987D1D4712}.Release|x86.Build.0 = Release|Win32
		{2956C1DC-E662-4C2E-AA33-D42BC646BA55}.Debug|x64.ActiveCfg = Debug|x64
		{2956C1DC-E662-4C2E-AA33-D42BC646BA55}.Debug|x64.Build.0 = Debug|x64
		{2956C1DC-E662-4C2E-AA33-D42BC646BA55}.Debug|x86.ActiveCfg = Debug|Win32
		{2956C1DC-E662-4C2E-AA33-D42BC646BA55}.Debug|x86.Build.0 = Debug|Win32
		{2956C1DC-E662-4C2E-AA33-D42BC646BA55}.Release|x64.ActiveCfg = Release|x64
		{2956C1DC-E662-4C2E-AA33-D42BC646BA55}.Release|x64.Build.0 = Release|x64
		{2956C1DC-E662-4C2E-AA33-D42BC646BA55}.Release|x86.ActiveCfg = Release|Win32
		{2956C1DC-E662-4C2E-AA33-D42BC646BA55}.Release|x86.Build.0 = Release|Win32
		{E0B3BAFD-8EDC-4372-B0E1-02332E5F4D87}.Debug|x64.ActiveCfg = Debug|x64
		{E0B3BAFD-8EDC-4372-B0E1-02332E5F4D87}.Debug|x64.Build.0 = Debug|x64
		{E0B3BAFD-8EDC-4372-B0E1-02332E5F4D87}.Debug|x86.ActiveCfg = Debug|Win32
		{E0B3BAFD-8EDC-4372-B0E1-02332E5F4D87}.Debug|x86.Build.0 = Debug|Win32
		{E0B3BAFD-8EDC-4372-B0E1-02332E5F4D87}.Release|x64.ActiveCfg = Release|x64
		{E0B3BAFD-8EDC-4372-B0E1-02332E5F4D87}.Release|x64.Build.0 = Release|x64
		{E0B3BAFD-8EDC-4372-B0E1-02332E5F4D87}.Release|x86.ActiveCfg = Release|Win32
		{E0B3BAFD-8EDC-4372-B0E1-02332E5F4D87}.Release|x86.Build.0 = Release|Win32
	EndGlobalSection
	GlobalSection(SolutionProperties) = preSolution
		HideSolutionNode = FALSE
	EndGlobalSection
	GlobalSection(ExtensibilityGlobals) = postSolution
		SolutionGuid = {F66FBBED-7AAA-4EB2-A799-BB3935027563}
	EndGlobalSection
EndGlobal
