
Microsoft Visual Studio Solution File, Format Version 12.00
# Visual Studio Version 16
VisualStudioVersion = 16.0.30717.126
MinimumVisualStudioVersion = 10.0.40219.1
Project("{8BC9CEB8-8B4A-11D0-8D11-00A0C91BC942}") = "Day1RearrangePrank", "Day1RearrangePrank\Day1RearrangePrank.vcxproj", "{2D4AB446-FBB2-455B-80CA-FD31FB12CF25}"
EndProject
Project("{8BC9CEB8-8B4A-11D0-8D11-00A0C91BC942}") = "Day2NthNaturalNumber", "Day2NthNaturalNumber\Day2NthNaturalNumber.vcxproj", "{BEB58D63-2DE2-43CE-AE73-79D77D8FD57B}"
EndProject
Project("{8BC9CEB8-8B4A-11D0-8D11-00A0C91BC942}") = "Day3SmallestPositiveInteger", "Day3SmallestPositiveInteger\Day3SmallestPositiveInteger.vcxproj", "{C6010C28-A134-4246-97A1-96987D1D4712}"
EndProject
Project("{8BC9CEB8-8B4A-11D0-8D11-00A0C91BC942}") = "Day4MInimumPickForKPairs", "Day4MInimumPickForKPairs\Day4MInimumPickForKPairs.vcxproj", "{2956C1DC-E662-4C2E-AA33-D42BC646BA55}"
EndProject
Project("{8BC9CEB8-8B4A-11D0-8D11-00A0C91BC942}") = "Day5SpiralMatrix", "Day5SpiralMatrix\Day5SpiralMatrix.vcxproj", "{E0B3BAFD-8EDC-4372-B0E1-02332E5F4D87}"
EndProject
Project("{8BC9CEB8-8B4A-11D0-8D11-00A0C91BC942}") = "Day6MaxSubMatrixSum", "Day6MaxSubMatrixSum\Day6MaxSubMatrixSum.vcxproj", "{C9F2613B-E68C-4B74-BE5C-043D90C74E41}"
EndProject
Project("{8BC9CEB8-8B4A-11D0-8D11-00A0C91BC942}") = "Day7ValidPairSum", "Day7ValidPairSum\Day7ValidPairSum.vcxproj", "{C2BFD75D-B33A-4DAB-B1C3-7956F2BDCDEF}"
EndProject
Project("{8BC9CEB8-8B4A-11D0-8D11-00A0C91BC942}") = "Day8DamOfCandies", "Day8MaxCandies\Day8MaxCandies.vcxproj", "{DFCACB67-6652-45EE-8BBA-12C320B30E0A}"
EndProject
Project("{8BC9CEB8-8B4A-11D0-8D11-00A0C91BC942}") = "Day12BitDifference", "Day12BitDifference\Day12BitDifference.vcxproj", "{9F2FE72E-518E-4212-98B4-23E7B3E87386}"
EndProject
Project("{8BC9CEB8-8B4A-11D0-8D11-00A0C91BC942}") = "Day13CheckTreeTraversal", "Day13CheckTreeTraversal\Day13CheckTreeTraversal.vcxproj", "{8C8B7223-544C-4FCB-91E0-80605CF971DA}"
EndProject
Project("{8BC9CEB8-8B4A-11D0-8D11-00A0C91BC942}") = "Day14RulingPair", "Day14RulingPair\Day14RulingPair.vcxproj", "{52DE51F2-B0CC-42BC-9653-0E5E26BC4CCA}"
EndProject
Project("{8BC9CEB8-8B4A-11D0-8D11-00A0C91BC942}") = "Day16RestrictiveCandyCrush", "Day16RestrictiveCandyCrush\Day16RestrictiveCandyCrush.vcxproj", "{C0716B63-0D51-47C3-830F-48590E896F4A}"
EndProject
Project("{8BC9CEB8-8B4A-11D0-8D11-00A0C91BC942}") = "Day17HelpClassmate", "Day17HelpClassmate\Day17HelpClassmate.vcxproj", "{77306248-13BA-48BE-AC94-4BBBCC14160C}"
EndProject
Project("{8BC9CEB8-8B4A-11D0-8D11-00A0C91BC942}") = "Day18132GeekyBuildings", "Day18132GeekyBuildings\Day18132GeekyBuildings.vcxproj", "{C2D672DA-5809-4A2E-8EF0-5ECB61E8E826}"
EndProject
Global
	GlobalSection(SolutionConfigurationPlatforms) = preSolution
		Debug|x64 = Debug|x64
		Debug|x86 = Debug|x86
		Release|x64 = Release|x64
		Release|x86 = Release|x86
	EndGlobalSection
	GlobalSection(ProjectConfigurationPlatforms) = postSolution
		{2D4AB446-FBB2-455B-80CA-FD31FB12CF25}.Debug|x64.ActiveCfg = Debug|x64
		{2D4AB446-FBB2-455B-80CA-FD31FB12CF25}.Debug|x64.Build.0 = Debug|x64
		{2D4AB446-FBB2-455B-80CA-FD31FB12CF25}.Debug|x86.ActiveCfg = Debug|Win32
		{2D4AB446-FBB2-455B-80CA-FD31FB12CF25}.Debug|x86.Build.0 = Debug|Win32
		{2D4AB446-FBB2-455B-80CA-FD31FB12CF25}.Release|x64.ActiveCfg = Release|x64
		{2D4AB446-FBB2-455B-80CA-FD31FB12CF25}.Release|x64.Build.0 = Release|x64
		{2D4AB446-FBB2-455B-80CA-FD31FB12CF25}.Release|x86.ActiveCfg = Release|Win32
		{2D4AB446-FBB2-455B-80CA-FD31FB12CF25}.Release|x86.Build.0 = Release|Win32
		{BEB58D63-2DE2-43CE-AE73-79D77D8FD57B}.Debug|x64.ActiveCfg = Debug|x64
		{BEB58D63-2DE2-43CE-AE73-79D77D8FD57B}.Debug|x64.Build.0 = Debug|x64
		{BEB58D63-2DE2-43CE-AE73-79D77D8FD57B}.Debug|x86.ActiveCfg = Debug|Win32
		{BEB58D63-2DE2-43CE-AE73-79D77D8FD57B}.Debug|x86.Build.0 = Debug|Win32
		{BEB58D63-2DE2-43CE-AE73-79D77D8FD57B}.Release|x64.ActiveCfg = Release|x64
		{BEB58D63-2DE2-43CE-AE73-79D77D8FD57B}.Release|x64.Build.0 = Release|x64
		{BEB58D63-2DE2-43CE-AE73-79D77D8FD57B}.Release|x86.ActiveCfg = Release|Win32
		{BEB58D63-2DE2-43CE-AE73-79D77D8FD57B}.Release|x86.Build.0 = Release|Win32
		{C6010C28-A134-4246-97A1-96987D1D4712}.Debug|x64.ActiveCfg = Debug|x64
		{C6010C28-A134-4246-97A1-96987D1D4712}.Debug|x64.Build.0 = Debug|x64
		{C6010C28-A134-4246-97A1-96987D1D4712}.Debug|x86.ActiveCfg = Debug|Win32
		{C6010C28-A134-4246-97A1-96987D1D4712}.Debug|x86.Build.0 = Debug|Win32
		{C6010C28-A134-4246-97A1-96987D1D4712}.Release|x64.ActiveCfg = Release|x64
		{C6010C28-A134-4246-97A1-96987D1D4712}.Release|x64.Build.0 = Release|x64
		{C6010C28-A134-4246-97A1-96987D1D4712}.Release|x86.ActiveCfg = Release|Win32
		{C6010C28-A134-4246-97A1-96987D1D4712}.Release|x86.Build.0 = Release|Win32
		{2956C1DC-E662-4C2E-AA33-D42BC646BA55}.Debug|x64.ActiveCfg = Debug|x64
		{2956C1DC-E662-4C2E-AA33-D42BC646BA55}.Debug|x64.Build.0 = Debug|x64
		{2956C1DC-E662-4C2E-AA33-D42BC646BA55}.Debug|x86.ActiveCfg = Debug|Win32
		{2956C1DC-E662-4C2E-AA33-D42BC646BA55}.Debug|x86.Build.0 = Debug|Win32
		{2956C1DC-E662-4C2E-AA33-D42BC646BA55}.Release|x64.ActiveCfg = Release|x64
		{2956C1DC-E662-4C2E-AA33-D42BC646BA55}.Release|x64.Build.0 = Release|x64
		{2956C1DC-E662-4C2E-AA33-D42BC646BA55}.Release|x86.ActiveCfg = Release|Win32
		{2956C1DC-E662-4C2E-AA33-D42BC646BA55}.Release|x86.Build.0 = Release|Win32
		{E0B3BAFD-8EDC-4372-B0E1-02332E5F4D87}.Debug|x64.ActiveCfg = Debug|x64
		{E0B3BAFD-8EDC-4372-B0E1-02332E5F4D87}.Debug|x64.Build.0 = Debug|x64
		{E0B3BAFD-8EDC-4372-B0E1-02332E5F4D87}.Debug|x86.ActiveCfg = Debug|Win32
		{E0B3BAFD-8EDC-4372-B0E1-02332E5F4D87}.Debug|x86.Build.0 = Debug|Win32
		{E0B3BAFD-8EDC-4372-B0E1-02332E5F4D87}.Release|x64.ActiveCfg = Release|x64
		{E0B3BAFD-8EDC-4372-B0E1-02332E5F4D87}.Release|x64.Build.0 = Release|x64
		{E0B3BAFD-8EDC-4372-B0E1-02332E5F4D87}.Release|x86.ActiveCfg = Release|Win32
		{E0B3BAFD-8EDC-4372-B0E1-02332E5F4D87}.Release|x86.Build.0 = Release|Win32
		{C9F2613B-E68C-4B74-BE5C-043D90C74E41}.Debug|x64.ActiveCfg = Debug|x64
		{C9F2613B-E68C-4B74-BE5C-043D90C74E41}.Debug|x64.Build.0 = Debug|x64
		{C9F2613B-E68C-4B74-BE5C-043D90C74E41}.Debug|x86.ActiveCfg = Debug|Win32
		{C9F2613B-E68C-4B74-BE5C-043D90C74E41}.Debug|x86.Build.0 = Debug|Win32
		{C9F2613B-E68C-4B74-BE5C-043D90C74E41}.Release|x64.ActiveCfg = Release|x64
		{C9F2613B-E68C-4B74-BE5C-043D90C74E41}.Release|x64.Build.0 = Release|x64
		{C9F2613B-E68C-4B74-BE5C-043D90C74E41}.Release|x86.ActiveCfg = Release|Win32
		{C9F2613B-E68C-4B74-BE5C-043D90C74E41}.Release|x86.Build.0 = Release|Win32
		{C2BFD75D-B33A-4DAB-B1C3-7956F2BDCDEF}.Debug|x64.ActiveCfg = Debug|x64
		{C2BFD75D-B33A-4DAB-B1C3-7956F2BDCDEF}.Debug|x64.Build.0 = Debug|x64
		{C2BFD75D-B33A-4DAB-B1C3-7956F2BDCDEF}.Debug|x86.ActiveCfg = Debug|Win32
		{C2BFD75D-B33A-4DAB-B1C3-7956F2BDCDEF}.Debug|x86.Build.0 = Debug|Win32
		{C2BFD75D-B33A-4DAB-B1C3-7956F2BDCDEF}.Release|x64.ActiveCfg = Release|x64
		{C2BFD75D-B33A-4DAB-B1C3-7956F2BDCDEF}.Release|x64.Build.0 = Release|x64
		{C2BFD75D-B33A-4DAB-B1C3-7956F2BDCDEF}.Release|x86.ActiveCfg = Release|Win32
		{C2BFD75D-B33A-4DAB-B1C3-7956F2BDCDEF}.Release|x86.Build.0 = Release|Win32
		{DFCACB67-6652-45EE-8BBA-12C320B30E0A}.Debug|x64.ActiveCfg = Debug|x64
		{DFCACB67-6652-45EE-8BBA-12C320B30E0A}.Debug|x64.Build.0 = Debug|x64
		{DFCACB67-6652-45EE-8BBA-12C320B30E0A}.Debug|x86.ActiveCfg = Debug|Win32
		{DFCACB67-6652-45EE-8BBA-12C320B30E0A}.Debug|x86.Build.0 = Debug|Win32
		{DFCACB67-6652-45EE-8BBA-12C320B30E0A}.Release|x64.ActiveCfg = Release|x64
		{DFCACB67-6652-45EE-8BBA-12C320B30E0A}.Release|x64.Build.0 = Release|x64
		{DFCACB67-6652-45EE-8BBA-12C320B30E0A}.Release|x86.ActiveCfg = Release|Win32
		{DFCACB67-6652-45EE-8BBA-12C320B30E0A}.Release|x86.Build.0 = Release|Win32
		{9F2FE72E-518E-4212-98B4-23E7B3E87386}.Debug|x64.ActiveCfg = Debug|x64
		{9F2FE72E-518E-4212-98B4-23E7B3E87386}.Debug|x64.Build.0 = Debug|x64
		{9F2FE72E-518E-4212-98B4-23E7B3E87386}.Debug|x86.ActiveCfg = Debug|Win32
		{9F2FE72E-518E-4212-98B4-23E7B3E87386}.Debug|x86.Build.0 = Debug|Win32
		{9F2FE72E-518E-4212-98B4-23E7B3E87386}.Release|x64.ActiveCfg = Release|x64
		{9F2FE72E-518E-4212-98B4-23E7B3E87386}.Release|x64.Build.0 = Release|x64
		{9F2FE72E-518E-4212-98B4-23E7B3E87386}.Release|x86.ActiveCfg = Release|Win32
		{9F2FE72E-518E-4212-98B4-23E7B3E87386}.Release|x86.Build.0 = Release|Win32
		{8C8B7223-544C-4FCB-91E0-80605CF971DA}.Debug|x64.ActiveCfg = Debug|x64
		{8C8B7223-544C-4FCB-91E0-80605CF971DA}.Debug|x64.Build.0 = Debug|x64
		{8C8B7223-544C-4FCB-91E0-80605CF971DA}.Debug|x86.ActiveCfg = Debug|Win32
		{8C8B7223-544C-4FCB-91E0-80605CF971DA}.Debug|x86.Build.0 = Debug|Win32
		{8C8B7223-544C-4FCB-91E0-80605CF971DA}.Release|x64.ActiveCfg = Release|x64
		{8C8B7223-544C-4FCB-91E0-80605CF971DA}.Release|x64.Build.0 = Release|x64
		{8C8B7223-544C-4FCB-91E0-80605CF971DA}.Release|x86.ActiveCfg = Release|Win32
		{8C8B7223-544C-4FCB-91E0-80605CF971DA}.Release|x86.Build.0 = Release|Win32
		{52DE51F2-B0CC-42BC-9653-0E5E26BC4CCA}.Debug|x64.ActiveCfg = Debug|x64
		{52DE51F2-B0CC-42BC-9653-0E5E26BC4CCA}.Debug|x64.Build.0 = Debug|x64
		{52DE51F2-B0CC-42BC-9653-0E5E26BC4CCA}.Debug|x86.ActiveCfg = Debug|Win32
		{52DE51F2-B0CC-42BC-9653-0E5E26BC4CCA}.Debug|x86.Build.0 = Debug|Win32
		{52DE51F2-B0CC-42BC-9653-0E5E26BC4CCA}.Release|x64.ActiveCfg = Release|x64
		{52DE51F2-B0CC-42BC-9653-0E5E26BC4CCA}.Release|x64.Build.0 = Release|x64
		{52DE51F2-B0CC-42BC-9653-0E5E26BC4CCA}.Release|x86.ActiveCfg = Release|Win32
		{52DE51F2-B0CC-42BC-9653-0E5E26BC4CCA}.Release|x86.Build.0 = Release|Win32
		{C0716B63-0D51-47C3-830F-48590E896F4A}.Debug|x64.ActiveCfg = Debug|x64
		{C0716B63-0D51-47C3-830F-48590E896F4A}.Debug|x64.Build.0 = Debug|x64
		{C0716B63-0D51-47C3-830F-48590E896F4A}.Debug|x86.ActiveCfg = Debug|Win32
		{C0716B63-0D51-47C3-830F-48590E896F4A}.Debug|x86.Build.0 = Debug|Win32
		{C0716B63-0D51-47C3-830F-48590E896F4A}.Release|x64.ActiveCfg = Release|x64
		{C0716B63-0D51-47C3-830F-48590E896F4A}.Release|x64.Build.0 = Release|x64
		{C0716B63-0D51-47C3-830F-48590E896F4A}.Release|x86.ActiveCfg = Release|Win32
		{C0716B63-0D51-47C3-830F-48590E896F4A}.Release|x86.Build.0 = Release|Win32
		{77306248-13BA-48BE-AC94-4BBBCC14160C}.Debug|x64.ActiveCfg = Debug|x64
		{77306248-13BA-48BE-AC94-4BBBCC14160C}.Debug|x64.Build.0 = Debug|x64
		{77306248-13BA-48BE-AC94-4BBBCC14160C}.Debug|x86.ActiveCfg = Debug|Win32
		{77306248-13BA-48BE-AC94-4BBBCC14160C}.Debug|x86.Build.0 = Debug|Win32
		{77306248-13BA-48BE-AC94-4BBBCC14160C}.Release|x64.ActiveCfg = Release|x64
		{77306248-13BA-48BE-AC94-4BBBCC14160C}.Release|x64.Build.0 = Release|x64
		{77306248-13BA-48BE-AC94-4BBBCC14160C}.Release|x86.ActiveCfg = Release|Win32
		{77306248-13BA-48BE-AC94-4BBBCC14160C}.Release|x86.Build.0 = Release|Win32
		{C2D672DA-5809-4A2E-8EF0-5ECB61E8E826}.Debug|x64.ActiveCfg = Debug|x64
		{C2D672DA-5809-4A2E-8EF0-5ECB61E8E826}.Debug|x64.Build.0 = Debug|x64
		{C2D672DA-5809-4A2E-8EF0-5ECB61E8E826}.Debug|x86.ActiveCfg = Debug|Win32
		{C2D672DA-5809-4A2E-8EF0-5ECB61E8E826}.Debug|x86.Build.0 = Debug|Win32
		{C2D672DA-5809-4A2E-8EF0-5ECB61E8E826}.Release|x64.ActiveCfg = Release|x64
		{C2D672DA-5809-4A2E-8EF0-5ECB61E8E826}.Release|x64.Build.0 = Release|x64
		{C2D672DA-5809-4A2E-8EF0-5ECB61E8E826}.Release|x86.ActiveCfg = Release|Win32
		{C2D672DA-5809-4A2E-8EF0-5ECB61E8E826}.Release|x86.Build.0 = Release|Win32
	EndGlobalSection
	GlobalSection(SolutionProperties) = preSolution
		HideSolutionNode = FALSE
	EndGlobalSection
	GlobalSection(ExtensibilityGlobals) = postSolution
		SolutionGuid = {F66FBBED-7AAA-4EB2-A799-BB3935027563}
	EndGlobalSection
EndGlobal
